
Microsoft Visual Studio Solution File, Format Version 11.00
# Visual Studio 2010 Express for Windows Phone
Project("{FAE04EC0-301F-11D3-BF4B-00C04F79EFBC}") = "BaiscAdEarth", "BaiscAdEarth\BaiscAdEarth\BaiscAdEarth.csproj", "{2A1A7EF6-1B80-457C-9C18-64A967BAB0B0}"
EndProject
Project("{FAE04EC0-301F-11D3-BF4B-00C04F79EFBC}") = "BaiscAdEarthContent", "BaiscAdEarth\BaiscAdEarthContent\BaiscAdEarthContent.contentproj", "{919B17B9-DBC8-4DA2-A916-3CEDA1455A99}"
EndProject
Global
	GlobalSection(SolutionConfigurationPlatforms) = preSolution
		Debug|x86 = Debug|x86
		Release|x86 = Release|x86
	EndGlobalSection
	GlobalSection(ProjectConfigurationPlatforms) = postSolution
		{2A1A7EF6-1B80-457C-9C18-64A967BAB0B0}.Debug|x86.ActiveCfg = Debug|x86
		{2A1A7EF6-1B80-457C-9C18-64A967BAB0B0}.Debug|x86.Build.0 = Debug|x86
		{2A1A7EF6-1B80-457C-9C18-64A967BAB0B0}.Release|x86.ActiveCfg = Release|x86
		{2A1A7EF6-1B80-457C-9C18-64A967BAB0B0}.Release|x86.Build.0 = Release|x86
		{919B17B9-DBC8-4DA2-A916-3CEDA1455A99}.Debug|x86.ActiveCfg = Debug|x86
		{919B17B9-DBC8-4DA2-A916-3CEDA1455A99}.Release|x86.ActiveCfg = Release|x86
	EndGlobalSection
	GlobalSection(SolutionProperties) = preSolution
		HideSolutionNode = FALSE
	EndGlobalSection
EndGlobal
